
Microsoft Visual Studio Solution File, Format Version 12.00
# Visual Studio Version 17
VisualStudioVersion = 17.4.33122.133
MinimumVisualStudioVersion = 10.0.40219.1
Project("{9A19103F-16F7-4668-BE54-9A1E7A4F7556}") = "AONLOGBOOK.API", "AONLOGBOOK.API\AONLOGBOOK.API.csproj", "{939AE8CB-0032-4AC3-AFD4-0EC34F32D40E}"
EndProject
Project("{9A19103F-16F7-4668-BE54-9A1E7A4F7556}") = "AONLOGBOOK.MAUI", "AONLOGBOOK.MAUI\AONLOGBOOK.MAUI.csproj", "{7A4DB5AA-161B-4F88-B22C-370F5FEE6CBA}"
EndProject
Project("{9A19103F-16F7-4668-BE54-9A1E7A4F7556}") = "AONLOGBOOK.SHARED", "AONLOGBOOK.SHARED\AONLOGBOOK.SHARED.csproj", "{43DC782E-6D79-4DE2-B35F-F71F47A5A680}"
EndProject
Global
	GlobalSection(SolutionConfigurationPlatforms) = preSolution
		Debug|Any CPU = Debug|Any CPU
		Release|Any CPU = Release|Any CPU
	EndGlobalSection
	GlobalSection(ProjectConfigurationPlatforms) = postSolution
		{939AE8CB-0032-4AC3-AFD4-0EC34F32D40E}.Debug|Any CPU.ActiveCfg = Debug|Any CPU
		{939AE8CB-0032-4AC3-AFD4-0EC34F32D40E}.Debug|Any CPU.Build.0 = Debug|Any CPU
		{939AE8CB-0032-4AC3-AFD4-0EC34F32D40E}.Release|Any CPU.ActiveCfg = Release|Any CPU
		{939AE8CB-0032-4AC3-AFD4-0EC34F32D40E}.Release|Any CPU.Build.0 = Release|Any CPU
		{7A4DB5AA-161B-4F88-B22C-370F5FEE6CBA}.Debug|Any CPU.ActiveCfg = Debug|Any CPU
		{7A4DB5AA-161B-4F88-B22C-370F5FEE6CBA}.Debug|Any CPU.Build.0 = Debug|Any CPU
		{7A4DB5AA-161B-4F88-B22C-370F5FEE6CBA}.Debug|Any CPU.Deploy.0 = Debug|Any CPU
		{7A4DB5AA-161B-4F88-B22C-370F5FEE6CBA}.Release|Any CPU.ActiveCfg = Release|Any CPU
		{7A4DB5AA-161B-4F88-B22C-370F5FEE6CBA}.Release|Any CPU.Build.0 = Release|Any CPU
		{7A4DB5AA-161B-4F88-B22C-370F5FEE6CBA}.Release|Any CPU.Deploy.0 = Release|Any CPU
		{43DC782E-6D79-4DE2-B35F-F71F47A5A680}.Debug|Any CPU.ActiveCfg = Debug|Any CPU
		{43DC782E-6D79-4DE2-B35F-F71F47A5A680}.Debug|Any CPU.Build.0 = Debug|Any CPU
		{43DC782E-6D79-4DE2-B35F-F71F47A5A680}.Release|Any CPU.ActiveCfg = Release|Any CPU
		{43DC782E-6D79-4DE2-B35F-F71F47A5A680}.Release|Any CPU.Build.0 = Release|Any CPU
	EndGlobalSection
	GlobalSection(SolutionProperties) = preSolution
		HideSolutionNode = FALSE
	EndGlobalSection
	GlobalSection(ExtensibilityGlobals) = postSolution
		SolutionGuid = {8895ED09-7D99-4A2E-8824-80E5F899E41F}
	EndGlobalSection
EndGlobal
